# This file was autogenerated by Stack.
# You should not edit this file by hand.
# For more information, please see the documentation at:
#   https://docs.haskellstack.org/en/stable/lock_files

packages:
- completed:
    hackage: alex-3.2.4@sha256:fcf1971fb513eab886072d1f705475f04fb65261a4d81361bede9d86056b474b,4054
    pantry-tree:
      size: 5732
      sha256: 4bab0bfd073e56bbea1863758126b858a320c78fbf5b9615c0be4835d035de9e
  original:
    hackage: alex-3.2.4@sha256:fcf1971fb513eab886072d1f705475f04fb65261a4d81361bede9d86056b474b,4054
- completed:
    hackage: happy-1.19.9@sha256:f8c774230735a390c287b2980cfcd2703d24d8dde85a01ea721b7b4b4c82944f,4667
    pantry-tree:
      size: 7980
      sha256: 1f1d622f6e773e7a674da6364b755714c76c3fbb3c7a4e65deaf07242fc15211
  original:
    hackage: happy-1.19.9@sha256:f8c774230735a390c287b2980cfcd2703d24d8dde85a01ea721b7b4b4c82944f,4667
- completed:
    hackage: HUnit-1.6.0.0@sha256:8014b27c884becd8041214a1ab263fa92244ca62700a911aff604a1047869298,1570
    pantry-tree:
      size: 878
      sha256: 270a6f8d6ef23eba3a9a1697aa244576abb168d10cb8e4736cf4add2b09eb650
  original:
    hackage: HUnit-1.6.0.0@sha256:8014b27c884becd8041214a1ab263fa92244ca62700a911aff604a1047869298,1570
- completed:
    hackage: call-stack-0.2.0@sha256:5ce796b78d5f964468ec6fe0717b4e7d0430817f37370c47b3e6b38e345b6643,1202
    pantry-tree:
      size: 500
      sha256: 30cc02f50a7f660db6b5c4218b4021cd78cae90b135d893d55f32a1c8b1e1c08
  original:
    hackage: call-stack-0.2.0@sha256:5ce796b78d5f964468ec6fe0717b4e7d0430817f37370c47b3e6b38e345b6643,1202
snapshots: []
